<?xml version="1.0" encoding="UTF-8" standalone="yes" ?>
<CodeBlocks_project_file>
	<FileVersion major="1" minor="6" />
	<Project>
		<Option title="Puppies War" />
		<Option execution_dir="D:/dev/projects/cpp/SFML Teamplate/" />
		<Option pch_mode="2" />
		<Option compiler="gcc" />
		<Build>
			<Target title="Release">
				<Option output="bin/Release/PuppiesWar_server_release" prefix_auto="1" extension_auto="1" />
				<Option working_dir="bin/Release" />
				<Option object_output="obj/Release/" />
				<Option type="1" />
				<Option compiler="gcc" />
				<Compiler>
					<Add option="-std=c++14" />
				</Compiler>
			</Target>
		</Build>
		<Compiler>
			<Add option="-Wall" />
			<Add directory="../chat" />
		</Compiler>
		<Linker>
			<Add library="libglfw" />
			<Add library="libsfml-system" />
			<Add library="libsfml-network" />
			<Add library="libsfml-window" />
			<Add library="libsfml-graphics" />
		</Linker>
		<Unit filename="../../../../../usr/include/glad/glad.c">
			<Option compilerVar="CC" />
		</Unit>
		<Unit filename="../../../../../usr/include/glad/glad.h" />
		<Unit filename="../chat/Generic.cpp" />
		<Unit filename="../chat/PostMan.cpp" />
		<Unit filename="src/Avatar.cpp" />
		<Unit filename="src/Avatar.hpp" />
		<Unit filename="src/AvatarsCollection.cpp" />
		<Unit filename="src/AvatarsCollection.hpp" />
		<Unit filename="src/Bullet.cpp" />
		<Unit filename="src/Bullet.hpp" />
		<Unit filename="src/Game.cpp" />
		<Unit filename="src/Game.hpp" />
		<Unit filename="src/GameStructure.cpp" />
		<Unit filename="src/GameStructure.hpp" />
		<Unit filename="src/GameView.cpp" />
		<Unit filename="src/GameView.hpp" />
		<Unit filename="src/HumanView.cpp" />
		<Unit filename="src/HumanView.hpp" />
		<Unit filename="src/I_Controllable.hpp" />
		<Unit filename="src/I_ControlsInterpreter.cpp" />
		<Unit filename="src/I_ControlsInterpreter.h" />
		<Unit filename="src/I_Moveable.cpp" />
		<Unit filename="src/I_Moveable.h" />
		<Unit filename="src/I_Serializable.cpp" />
		<Unit filename="src/I_Serializable.h" />
		<Unit filename="src/I_UpdateableOnMainTick.cpp" />
		<Unit filename="src/I_UpdateableOnMainTick.h" />
		<Unit filename="src/Moveable.cpp" />
		<Unit filename="src/Moveable.hpp" />
		<Unit filename="src/NetworkProtocol.cpp" />
		<Unit filename="src/NetworkProtocol.hpp" />
		<Unit filename="src/common/PartySystem.cpp" />
		<Unit filename="src/common/PartySystem.h" />
		<Unit filename="src/controls/GameController.cpp" />
		<Unit filename="src/controls/GameController.hpp" />
		<Unit filename="src/graphics/DeejaySystem.cpp" />
		<Unit filename="src/graphics/DeejaySystem.h" />
		<Unit filename="src/graphics/I_ExtractableGraphics.cpp" />
		<Unit filename="src/graphics/I_ExtractableGraphics.h" />
		<Unit filename="src/graphics/I_GraphicsSystem.cpp" />
		<Unit filename="src/graphics/I_GraphicsSystem.h" />
		<Unit filename="src/graphics/gl/DeejaySoul_OpenGL.h" />
		<Unit filename="src/graphics/gl/Mesh.cpp" />
		<Unit filename="src/graphics/gl/Mesh.h" />
		<Unit filename="src/graphics/gl/ShaderCompiler.cpp" />
		<Unit filename="src/graphics/gl/ShaderCompiler.h" />
		<Unit filename="src/graphics/gl/VeejaySoul_OpenGL.cpp" />
		<Unit filename="src/main_server.cpp" />
		<Extensions>
			<code_completion />
			<envvars />
			<debugger />
			<lib_finder disable_auto="1" />
			<AutoVersioning>
				<Scheme minor_max="10" build_max="0" rev_max="0" rev_rand_max="10" build_times_to_increment_minor="100" />
				<Settings autoincrement="1" date_declarations="1" use_define="0" update_manifest="1" do_auto_increment="0" ask_to_increment="0" language="C++" svn="0" svn_directory="" header_path="version.h" />
				<Changes_Log show_changes_editor="0" app_title="released version %M.%m.%b of %p" changeslog_path="ChangesLog.txt" />
				<Code header_guard="VERSION_H" namespace="AutoVersion" prefix="" />
			</AutoVersioning>
		</Extensions>
	</Project>
</CodeBlocks_project_file>
